{
  "version": 4,
  "terraform_version": "0.12.24",
  "serial": 2,
  "lineage": "e7511f58-e5c3-a483-81f0-63090a039fce",
  "outputs": {},
  "resources": [
    {
      "module": "module.image",
      "mode": "managed",
      "type": "docker_image",
      "name": "image_id",
      "provider": "provider.docker",
      "instances": [
        {
          "schema_version": 0,
          "attributes": {
            "id": "sha256:9e84346d9fd2108a844f8f7c4fb87f62f96f86f0047c6250a78bab48cd321c15anushajup/project-starter",
            "keep_locally": null,
            "latest": "sha256:9e84346d9fd2108a844f8f7c4fb87f62f96f86f0047c6250a78bab48cd321c15",
            "name": "anushajup/project-starter",
            "pull_trigger": null,
            "pull_triggers": null
          },
          "private": "bnVsbA=="
        }
      ]
    }
  ]
}
