{
  "version": 4,
  "terraform_version": "0.12.24",
  "serial": 2,
  "lineage": "23f2388e-e761-8e70-1520-0e00380840d4",
  "outputs": {
    "image_out": {
      "value": "sha256:9e84346d9fd2108a844f8f7c4fb87f62f96f86f0047c6250a78bab48cd321c15",
      "type": "string"
    }
  },
  "resources": [
    {
      "mode": "managed",
      "type": "docker_image",
      "name": "image_id",
      "provider": "provider.docker",
      "instances": [
        {
          "schema_version": 0,
          "attributes": {
            "id": "sha256:9e84346d9fd2108a844f8f7c4fb87f62f96f86f0047c6250a78bab48cd321c15anushajup/project-starter",
            "keep_locally": null,
            "latest": "sha256:9e84346d9fd2108a844f8f7c4fb87f62f96f86f0047c6250a78bab48cd321c15",
            "name": "anushajup/project-starter",
            "pull_trigger": null,
            "pull_triggers": null
          },
          "private": "bnVsbA=="
        }
      ]
    }
  ]
}
